
Microsoft Visual Studio Solution File, Format Version 12.00
Project("{FAE04EC0-301F-11D3-BF4B-00C04F79EFBC}") = "db-diff", "db-diff\db-diff.csproj", "{167F8C76-34C6-45A9-9CC6-72B3C1B38146}"
EndProject
Global
	GlobalSection(SolutionConfigurationPlatforms) = preSolution
		Debug|Any CPU = Debug|Any CPU
		Release|Any CPU = Release|Any CPU
	EndGlobalSection
	GlobalSection(ProjectConfigurationPlatforms) = postSolution
		{167F8C76-34C6-45A9-9CC6-72B3C1B38146}.Debug|Any CPU.ActiveCfg = Debug|Any CPU
		{167F8C76-34C6-45A9-9CC6-72B3C1B38146}.Debug|Any CPU.Build.0 = Debug|Any CPU
		{167F8C76-34C6-45A9-9CC6-72B3C1B38146}.Release|Any CPU.ActiveCfg = Release|Any CPU
		{167F8C76-34C6-45A9-9CC6-72B3C1B38146}.Release|Any CPU.Build.0 = Release|Any CPU
	EndGlobalSection
EndGlobal
